
Microsoft Visual Studio Solution File, Format Version 12.00
# Visual Studio Version 17
VisualStudioVersion = 17.5.002.0
MinimumVisualStudioVersion = 10.0.40219.1
Project("{9A19103F-16F7-4668-BE54-9A1E7A4F7556}") = "CyberStore", "CyberStore.csproj", "{10C37F00-DEC8-482D-A057-44A3FA81DE17}"
EndProject
Global
	GlobalSection(SolutionConfigurationPlatforms) = preSolution
		Debug|Any CPU = Debug|Any CPU
		Release|Any CPU = Release|Any CPU
	EndGlobalSection
	GlobalSection(ProjectConfigurationPlatforms) = postSolution
		{10C37F00-DEC8-482D-A057-44A3FA81DE17}.Debug|Any CPU.ActiveCfg = Debug|Any CPU
		{10C37F00-DEC8-482D-A057-44A3FA81DE17}.Debug|Any CPU.Build.0 = Debug|Any CPU
		{10C37F00-DEC8-482D-A057-44A3FA81DE17}.Release|Any CPU.ActiveCfg = Release|Any CPU
		{10C37F00-DEC8-482D-A057-44A3FA81DE17}.Release|Any CPU.Build.0 = Release|Any CPU
	EndGlobalSection
	GlobalSection(SolutionProperties) = preSolution
		HideSolutionNode = FALSE
	EndGlobalSection
	GlobalSection(ExtensibilityGlobals) = postSolution
		SolutionGuid = {10006E13-073A-4F69-9AB3-2B2CBF5AB8A9}
	EndGlobalSection
EndGlobal
